// !$*UTF8*$!
{
	archiveVersion = 1;
	classes = {
	};
	objectVersion = 77;
	objects = {

/* Begin PBXBuildFile section */
		1A3DB63F2FAB6671008A88D4 /* CosmoPD101AUv3Ext-macOSExtension.appex in Embed Foundation Extensions */ = {isa = PBXBuildFile; fileRef = 1A3DB63E2FAB6671008A88D4 /* CosmoPD101AUv3Ext-macOSExtension.appex */; settings = {ATTRIBUTES = (RemoveHeadersOnCopy, ); }; };
		1A3DB6AC2FAB6671008A88D4 /* CosmoPd101Plugin.xcframework in Frameworks */ = {isa = PBXBuildFile; fileRef = 1A3DB6AB2FAB6671008A88D4 /* CosmoPd101Plugin.xcframework */; };
		1A834E8A2FDDC13D00EF1AD8 /* CosmoPd101AUv3Support in Frameworks */ = {isa = PBXBuildFile; productRef = 1A834E892FDDC13D00EF1AD8 /* CosmoPd101AUv3Support */; };
/* End PBXBuildFile section */

/* Begin PBXContainerItemProxy section */
		1A3DB6402FAB6671008A88D4 /* PBXContainerItemProxy */ = {
			isa = PBXContainerItemProxy;
			containerPortal = 1A3DB5FF2FAB6546008A88D4 /* Project object */;
			proxyType = 1;
			remoteGlobalIDString = 1A3DB63D2FAB6671008A88D4;
			remoteInfo = "CosmoPD101AUv3Ext-macOSExtension";
		};
/* End PBXContainerItemProxy section */

/* Begin PBXCopyFilesBuildPhase section */
		1A3DB66D2FAB6671008A88D4 /* Embed Foundation Extensions */ = {
			isa = PBXCopyFilesBuildPhase;
			buildActionMask = 2147483647;
			dstPath = "";
			dstSubfolderSpec = 13;
			files = (
				1A3DB63F2FAB6671008A88D4 /* CosmoPD101AUv3Ext-macOSExtension.appex in Embed Foundation Extensions */,
			);
			name = "Embed Foundation Extensions";
			runOnlyForDeploymentPostprocessing = 0;
		};
/* End PBXCopyFilesBuildPhase section */

/* Begin PBXFileReference section */
		1A3DB6072FAB6546008A88D4 /* CosmoPD101Host.app */ = {isa = PBXFileReference; explicitFileType = wrapper.application; includeInIndex = 0; path = CosmoPD101Host.app; sourceTree = BUILT_PRODUCTS_DIR; };
		1A3DB6192FAB6670008A88D4 /* CosmoPD101AUv3Ext-macOS.app */ = {isa = PBXFileReference; explicitFileType = wrapper.application; includeInIndex = 0; path = "CosmoPD101AUv3Ext-macOS.app"; sourceTree = BUILT_PRODUCTS_DIR; };
		1A3DB63E2FAB6671008A88D4 /* CosmoPD101AUv3Ext-macOSExtension.appex */ = {isa = PBXFileReference; explicitFileType = "wrapper.app-extension"; includeInIndex = 0; path = "CosmoPD101AUv3Ext-macOSExtension.appex"; sourceTree = BUILT_PRODUCTS_DIR; };
		1A3DB6AB2FAB6671008A88D4 /* CosmoPd101Plugin.xcframework */ = {isa = PBXFileReference; lastKnownFileType = wrapper.xcframework; name = CosmoPd101Plugin.xcframework; path = ../Artifacts/CosmoPd101Plugin.xcframework; sourceTree = "<group>"; };
		1A834E852FDDBFA300EF1AD8 /* TelemetryController.swift */ = {isa = PBXFileReference; lastKnownFileType = sourcecode.swift; name = TelemetryController.swift; path = ../Sources/CosmoPd101AUv3Support/TelemetryController.swift; sourceTree = "<group>"; };
		1AC4783D2FFAA600005A1339 /* CosmoPD101Host-Info.plist */ = {isa = PBXFileReference; lastKnownFileType = text.plist; path = "CosmoPD101Host-Info.plist"; sourceTree = "<group>"; };
/* End PBXFileReference section */

/* Begin PBXFileSystemSynchronizedBuildFileExceptionSet section */
		1A3DB6682FAB6671008A88D4 /* Exceptions for "CosmoPD101AUv3Ext-macOSExtension" folder in "CosmoPD101AUv3Ext-macOSExtension" target */ = {
			isa = PBXFileSystemSynchronizedBuildFileExceptionSet;
			membershipExceptions = (
				Info.plist,
			);
			target = 1A3DB63D2FAB6671008A88D4 /* CosmoPD101AUv3Ext-macOSExtension */;
		};
		1AC4783F2FFAA61C005A1339 /* Exceptions for "CosmoPD101AUv3Ext-macOS" folder in "CosmoPD101AUv3Ext-macOS" target */ = {
			isa = PBXFileSystemSynchronizedBuildFileExceptionSet;
			membershipExceptions = (
				Info.plist,
			);
			target = 1A3DB6182FAB6670008A88D4 /* CosmoPD101AUv3Ext-macOS */;
		};
/* End PBXFileSystemSynchronizedBuildFileExceptionSet section */

/* Begin PBXFileSystemSynchronizedRootGroup section */
		1A3DB61A2FAB6670008A88D4 /* CosmoPD101AUv3Ext-macOS */ = {
			isa = PBXFileSystemSynchronizedRootGroup;
			exceptions = (
				1AC4783F2FFAA61C005A1339 /* Exceptions for "CosmoPD101AUv3Ext-macOS" folder in "CosmoPD101AUv3Ext-macOS" target */,
			);
			path = "CosmoPD101AUv3Ext-macOS";
			sourceTree = "<group>";
		};
		1A3DB6422FAB6671008A88D4 /* CosmoPD101AUv3Ext-macOSExtension */ = {
			isa = PBXFileSystemSynchronizedRootGroup;
			exceptions = (
				1A3DB6682FAB6671008A88D4 /* Exceptions for "CosmoPD101AUv3Ext-macOSExtension" folder in "CosmoPD101AUv3Ext-macOSExtension" target */,
			);
			path = "CosmoPD101AUv3Ext-macOSExtension";
			sourceTree = "<group>";
		};
/* End PBXFileSystemSynchronizedRootGroup section */

/* Begin PBXFrameworksBuildPhase section */
		1A3DB6042FAB6546008A88D4 /* Frameworks */ = {
			isa = PBXFrameworksBuildPhase;
			buildActionMask = 2147483647;
			files = (
			);
			runOnlyForDeploymentPostprocessing = 0;
		};
		1A3DB6162FAB6670008A88D4 /* Frameworks */ = {
			isa = PBXFrameworksBuildPhase;
			buildActionMask = 2147483647;
			files = (
			);
			runOnlyForDeploymentPostprocessing = 0;
		};
		1A3DB63B2FAB6671008A88D4 /* Frameworks */ = {
			isa = PBXFrameworksBuildPhase;
			buildActionMask = 2147483647;
			files = (
				1A834E8A2FDDC13D00EF1AD8 /* CosmoPd101AUv3Support in Frameworks */,
				1A3DB6AC2FAB6671008A88D4 /* CosmoPd101Plugin.xcframework in Frameworks */,
			);
			runOnlyForDeploymentPostprocessing = 0;
		};
/* End PBXFrameworksBuildPhase section */

/* Begin PBXGroup section */
		1A3DB5FE2FAB6546008A88D4 = {
			isa = PBXGroup;
			children = (
				1AC4783D2FFAA600005A1339 /* CosmoPD101Host-Info.plist */,
				1A3DB61A2FAB6670008A88D4 /* CosmoPD101AUv3Ext-macOS */,
				1A3DB6422FAB6671008A88D4 /* CosmoPD101AUv3Ext-macOSExtension */,
				1A3DB6AB2FAB6671008A88D4 /* CosmoPd101Plugin.xcframework */,
				1A834E842FDDBFA300EF1AD8 /* Frameworks */,
				1A3DB6082FAB6546008A88D4 /* Products */,
			);
			sourceTree = "<group>";
		};
		1A3DB6082FAB6546008A88D4 /* Products */ = {
			isa = PBXGroup;
			children = (
				1A3DB6072FAB6546008A88D4 /* CosmoPD101Host.app */,
				1A3DB6192FAB6670008A88D4 /* CosmoPD101AUv3Ext-macOS.app */,
				1A3DB63E2FAB6671008A88D4 /* CosmoPD101AUv3Ext-macOSExtension.appex */,
			);
			name = Products;
			sourceTree = "<group>";
		};
		1A834E842FDDBFA300EF1AD8 /* Frameworks */ = {
			isa = PBXGroup;
			children = (
				1A834E852FDDBFA300EF1AD8 /* TelemetryController.swift */,
			);
			name = Frameworks;
			sourceTree = "<group>";
		};
/* End PBXGroup section */

/* Begin PBXNativeTarget section */
		1A3DB6062FAB6546008A88D4 /* CosmoPD101Host */ = {
			isa = PBXNativeTarget;
			buildConfigurationList = 1A3DB6122FAB6547008A88D4 /* Build configuration list for PBXNativeTarget "CosmoPD101Host" */;
			buildPhases = (
				1A3DB6032FAB6546008A88D4 /* Sources */,
				1A3DB6042FAB6546008A88D4 /* Frameworks */,
				1A3DB6052FAB6546008A88D4 /* Resources */,
			);
			buildRules = (
			);
			dependencies = (
			);
			name = CosmoPD101Host;
			packageProductDependencies = (
			);
			productName = CosmoPD101Host;
			productReference = 1A3DB6072FAB6546008A88D4 /* CosmoPD101Host.app */;
			productType = "com.apple.product-type.application";
		};
		1A3DB6182FAB6670008A88D4 /* CosmoPD101AUv3Ext-macOS */ = {
			isa = PBXNativeTarget;
			buildConfigurationList = 1A3DB66E2FAB6671008A88D4 /* Build configuration list for PBXNativeTarget "CosmoPD101AUv3Ext-macOS" */;
			buildPhases = (
				1A3DB6152FAB6670008A88D4 /* Sources */,
				1A3DB6162FAB6670008A88D4 /* Frameworks */,
				1A3DB6172FAB6670008A88D4 /* Resources */,
				1A3DB66D2FAB6671008A88D4 /* Embed Foundation Extensions */,
			);
			buildRules = (
			);
			dependencies = (
				1A3DB6412FAB6671008A88D4 /* PBXTargetDependency */,
			);
			fileSystemSynchronizedGroups = (
				1A3DB61A2FAB6670008A88D4 /* CosmoPD101AUv3Ext-macOS */,
			);
			name = "CosmoPD101AUv3Ext-macOS";
			packageProductDependencies = (
			);
			productName = "CosmoPD101AUv3Ext-macOS";
			productReference = 1A3DB6192FAB6670008A88D4 /* CosmoPD101AUv3Ext-macOS.app */;
			productType = "com.apple.product-type.application";
		};
		1A3DB63D2FAB6671008A88D4 /* CosmoPD101AUv3Ext-macOSExtension */ = {
			isa = PBXNativeTarget;
			buildConfigurationList = 1A3DB6692FAB6671008A88D4 /* Build configuration list for PBXNativeTarget "CosmoPD101AUv3Ext-macOSExtension" */;
			buildPhases = (
				1A3DB63A2FAB6671008A88D4 /* Sources */,
				1A3DB6722FAB77A2008A88D4 /* Build AUv3 XCFramework If Needed */,
				1A3DB63B2FAB6671008A88D4 /* Frameworks */,
				1A3DB6712FAB77A1008A88D4 /* Stage Web UI */,
				1A3DB63C2FAB6671008A88D4 /* Resources */,
			);
			buildRules = (
			);
			dependencies = (
			);
			fileSystemSynchronizedGroups = (
				1A3DB6422FAB6671008A88D4 /* CosmoPD101AUv3Ext-macOSExtension */,
			);
			name = "CosmoPD101AUv3Ext-macOSExtension";
			packageProductDependencies = (
				1A834E892FDDC13D00EF1AD8 /* CosmoPd101AUv3Support */,
			);
			productName = "CosmoPD101AUv3Ext-macOSExtension";
			productReference = 1A3DB63E2FAB6671008A88D4 /* CosmoPD101AUv3Ext-macOSExtension.appex */;
			productType = "com.apple.product-type.app-extension";
		};
/* End PBXNativeTarget section */

/* Begin PBXProject section */
		1A3DB5FF2FAB6546008A88D4 /* Project object */ = {
			isa = PBXProject;
			attributes = {
				BuildIndependentTargetsInParallel = 1;
				LastSwiftUpdateCheck = 2620;
				LastUpgradeCheck = 2620;
				TargetAttributes = {
					1A3DB6062FAB6546008A88D4 = {
						CreatedOnToolsVersion = 26.2;
					};
					1A3DB6182FAB6670008A88D4 = {
						CreatedOnToolsVersion = 26.2;
					};
					1A3DB63D2FAB6671008A88D4 = {
						CreatedOnToolsVersion = 26.2;
					};
				};
			};
			buildConfigurationList = 1A3DB6022FAB6546008A88D4 /* Build configuration list for PBXProject "CosmoPD101Host" */;
			developmentRegion = en;
			hasScannedForEncodings = 0;
			knownRegions = (
				en,
				Base,
			);
			mainGroup = 1A3DB5FE2FAB6546008A88D4;
			minimizedProjectReferenceProxies = 1;
			packageReferences = (
				1A834E882FDDC13D00EF1AD8 /* XCLocalSwiftPackageReference "../../cosmo-pd101-plugin-auv3" */,
			);
			preferredProjectObjectVersion = 77;
			productRefGroup = 1A3DB6082FAB6546008A88D4 /* Products */;
			projectDirPath = "";
			projectRoot = "";
			targets = (
				1A3DB6062FAB6546008A88D4 /* CosmoPD101Host */,
				1A3DB6182FAB6670008A88D4 /* CosmoPD101AUv3Ext-macOS */,
				1A3DB63D2FAB6671008A88D4 /* CosmoPD101AUv3Ext-macOSExtension */,
			);
		};
/* End PBXProject section */

/* Begin PBXResourcesBuildPhase section */
		1A3DB6052FAB6546008A88D4 /* Resources */ = {
			isa = PBXResourcesBuildPhase;
			buildActionMask = 2147483647;
			files = (
			);
			runOnlyForDeploymentPostprocessing = 0;
		};
		1A3DB6172FAB6670008A88D4 /* Resources */ = {
			isa = PBXResourcesBuildPhase;
			buildActionMask = 2147483647;
			files = (
			);
			runOnlyForDeploymentPostprocessing = 0;
		};
		1A3DB63C2FAB6671008A88D4 /* Resources */ = {
			isa = PBXResourcesBuildPhase;
			buildActionMask = 2147483647;
			files = (
			);
			runOnlyForDeploymentPostprocessing = 0;
		};
/* End PBXResourcesBuildPhase section */

/* Begin PBXShellScriptBuildPhase section */
		1A3DB6712FAB77A1008A88D4 /* Stage Web UI */ = {
			isa = PBXShellScriptBuildPhase;
			alwaysOutOfDate = 1;
			buildActionMask = 2147483647;
			files = (
			);
			inputFileListPaths = (
			);
			inputPaths = (
			);
			name = "Stage Web UI";
			outputFileListPaths = (
			);
			outputPaths = (
			);
			runOnlyForDeploymentPostprocessing = 0;
			shellPath = /bin/zsh;
			shellScript = "set -euo pipefail\ncd \"$SRCROOT/../../..\"\nexport PATH=\"$HOME/.bun/bin:/opt/homebrew/bin:/usr/local/bin:$PATH\"\nbun --filter @cosmo/cosmo-pd101-plugin-auv3 stage:webview\n";
		};
		1A3DB6722FAB77A2008A88D4 /* Build AUv3 XCFramework If Needed */ = {
			isa = PBXShellScriptBuildPhase;
			buildActionMask = 2147483647;
			files = (
			);
			inputFileListPaths = (
			);
			inputPaths = (
			);
			name = "Build AUv3 XCFramework If Needed";
			outputFileListPaths = (
			);
			outputPaths = (
				"$(SRCROOT)/../Build/ios-xcframework.inputs.sha256",
			);
			runOnlyForDeploymentPostprocessing = 0;
			shellPath = /bin/zsh;
			shellScript = "set -euo pipefail\ncd \"$SRCROOT/../../..\"\nexport PATH=\"$HOME/.bun/bin:/opt/homebrew/bin:/usr/local/bin:$PATH\"\nbun run ./scripts/xcode-build-auv3-ios-xcframework-if-needed.mjs\n";
		};
/* End PBXShellScriptBuildPhase section */

/* Begin PBXSourcesBuildPhase section */
		1A3DB6032FAB6546008A88D4 /* Sources */ = {
			isa = PBXSourcesBuildPhase;
			buildActionMask = 2147483647;
			files = (
			);
			runOnlyForDeploymentPostprocessing = 0;
		};
		1A3DB6152FAB6670008A88D4 /* Sources */ = {
			isa = PBXSourcesBuildPhase;
			buildActionMask = 2147483647;
			files = (
			);
			runOnlyForDeploymentPostprocessing = 0;
		};
		1A3DB63A2FAB6671008A88D4 /* Sources */ = {
			isa = PBXSourcesBuildPhase;
			buildActionMask = 2147483647;
			files = (
			);
			runOnlyForDeploymentPostprocessing = 0;
		};
/* End PBXSourcesBuildPhase section */

/* Begin PBXTargetDependency section */
		1A3DB6412FAB6671008A88D4 /* PBXTargetDependency */ = {
			isa = PBXTargetDependency;
			target = 1A3DB63D2FAB6671008A88D4 /* CosmoPD101AUv3Ext-macOSExtension */;
			targetProxy = 1A3DB6402FAB6671008A88D4 /* PBXContainerItemProxy */;
		};
/* End PBXTargetDependency section */

/* Begin XCBuildConfiguration section */
		1A3DB6102FAB6547008A88D4 /* Debug */ = {
			isa = XCBuildConfiguration;
			buildSettings = {
				ALWAYS_SEARCH_USER_PATHS = NO;
				ASSETCATALOG_COMPILER_GENERATE_SWIFT_ASSET_SYMBOL_EXTENSIONS = YES;
				CLANG_ANALYZER_NONNULL = YES;
				CLANG_ANALYZER_NUMBER_OBJECT_CONVERSION = YES_AGGRESSIVE;
				CLANG_CXX_LANGUAGE_STANDARD = "c++20";
				CLANG_ENABLE_MODULES = YES;
				CLANG_ENABLE_OBJC_ARC = YES;
				CLANG_ENABLE_OBJC_WEAK = YES;
				CLANG_WARN_BLOCK_CAPTURE_AUTORELEASING = YES;
				CLANG_WARN_BOOL_CONVERSION = YES;
				CLANG_WARN_COMMA = YES;
				CLANG_WARN_CONSTANT_CONVERSION = YES;
				CLANG_WARN_DEPRECATED_OBJC_IMPLEMENTATIONS = YES;
				CLANG_WARN_DIRECT_OBJC_ISA_USAGE = YES_ERROR;
				CLANG_WARN_DOCUMENTATION_COMMENTS = YES;
				CLANG_WARN_EMPTY_BODY = YES;
				CLANG_WARN_ENUM_CONVERSION = YES;
				CLANG_WARN_INFINITE_RECURSION = YES;
				CLANG_WARN_INT_CONVERSION = YES;
				CLANG_WARN_NON_LITERAL_NULL_CONVERSION = YES;
				CLANG_WARN_OBJC_IMPLICIT_RETAIN_SELF = YES;
				CLANG_WARN_OBJC_LITERAL_CONVERSION = YES;
				CLANG_WARN_OBJC_ROOT_CLASS = YES_ERROR;
				CLANG_WARN_QUOTED_INCLUDE_IN_FRAMEWORK_HEADER = YES;
				CLANG_WARN_RANGE_LOOP_ANALYSIS = YES;
				CLANG_WARN_STRICT_PROTOTYPES = YES;
				CLANG_WARN_SUSPICIOUS_MOVE = YES;
				CLANG_WARN_UNGUARDED_AVAILABILITY = YES_AGGRESSIVE;
				CLANG_WARN_UNREACHABLE_CODE = YES;
				CLANG_WARN__DUPLICATE_METHOD_MATCH = YES;
				COPY_PHASE_STRIP = NO;
				DEBUG_INFORMATION_FORMAT = dwarf;
				ENABLE_STRICT_OBJC_MSGSEND = YES;
				ENABLE_TESTABILITY = YES;
				ENABLE_USER_SCRIPT_SANDBOXING = NO;
				GCC_C_LANGUAGE_STANDARD = gnu17;
				GCC_DYNAMIC_NO_PIC = NO;
				GCC_NO_COMMON_BLOCKS = YES;
				GCC_OPTIMIZATION_LEVEL = 0;
				GCC_PREPROCESSOR_DEFINITIONS = (
					"DEBUG=1",
					"$(inherited)",
				);
				GCC_WARN_64_TO_32_BIT_CONVERSION = YES;
				GCC_WARN_ABOUT_RETURN_TYPE = YES_ERROR;
				GCC_WARN_UNDECLARED_SELECTOR = YES;
				GCC_WARN_UNINITIALIZED_AUTOS = YES_AGGRESSIVE;
				GCC_WARN_UNUSED_FUNCTION = YES;
				GCC_WARN_UNUSED_VARIABLE = YES;
				IPHONEOS_DEPLOYMENT_TARGET = 26.2;
				LOCALIZATION_PREFERS_STRING_CATALOGS = YES;
				MTL_ENABLE_DEBUG_INFO = INCLUDE_SOURCE;
				MTL_FAST_MATH = YES;
				ONLY_ACTIVE_ARCH = YES;
				SDKROOT = iphoneos;
				SWIFT_ACTIVE_COMPILATION_CONDITIONS = "DEBUG $(inherited)";
				SWIFT_OPTIMIZATION_LEVEL = "-Onone";
			};
			name = Debug;
		};
		1A3DB6112FAB6547008A88D4 /* Release */ = {
			isa = XCBuildConfiguration;
			buildSettings = {
				ALWAYS_SEARCH_USER_PATHS = NO;
				ASSETCATALOG_COMPILER_GENERATE_SWIFT_ASSET_SYMBOL_EXTENSIONS = YES;
				CLANG_ANALYZER_NONNULL = YES;
				CLANG_ANALYZER_NUMBER_OBJECT_CONVERSION = YES_AGGRESSIVE;
				CLANG_CXX_LANGUAGE_STANDARD = "c++20";
				CLANG_ENABLE_MODULES = YES;
				CLANG_ENABLE_OBJC_ARC = YES;
				CLANG_ENABLE_OBJC_WEAK = YES;
				CLANG_WARN_BLOCK_CAPTURE_AUTORELEASING = YES;
				CLANG_WARN_BOOL_CONVERSION = YES;
				CLANG_WARN_COMMA = YES;
				CLANG_WARN_CONSTANT_CONVERSION = YES;
				CLANG_WARN_DEPRECATED_OBJC_IMPLEMENTATIONS = YES;
				CLANG_WARN_DIRECT_OBJC_ISA_USAGE = YES_ERROR;
				CLANG_WARN_DOCUMENTATION_COMMENTS = YES;
				CLANG_WARN_EMPTY_BODY = YES;
				CLANG_WARN_ENUM_CONVERSION = YES;
				CLANG_WARN_INFINITE_RECURSION = YES;
				CLANG_WARN_INT_CONVERSION = YES;
				CLANG_WARN_NON_LITERAL_NULL_CONVERSION = YES;
				CLANG_WARN_OBJC_IMPLICIT_RETAIN_SELF = YES;
				CLANG_WARN_OBJC_LITERAL_CONVERSION = YES;
				CLANG_WARN_OBJC_ROOT_CLASS = YES_ERROR;
				CLANG_WARN_QUOTED_INCLUDE_IN_FRAMEWORK_HEADER = YES;
				CLANG_WARN_RANGE_LOOP_ANALYSIS = YES;
				CLANG_WARN_STRICT_PROTOTYPES = YES;
				CLANG_WARN_SUSPICIOUS_MOVE = YES;
				CLANG_WARN_UNGUARDED_AVAILABILITY = YES_AGGRESSIVE;
				CLANG_WARN_UNREACHABLE_CODE = YES;
				CLANG_WARN__DUPLICATE_METHOD_MATCH = YES;
				COPY_PHASE_STRIP = NO;
				DEBUG_INFORMATION_FORMAT = "dwarf-with-dsym";
				ENABLE_NS_ASSERTIONS = NO;
				ENABLE_STRICT_OBJC_MSGSEND = YES;
				ENABLE_USER_SCRIPT_SANDBOXING = NO;
				GCC_C_LANGUAGE_STANDARD = gnu17;
				GCC_NO_COMMON_BLOCKS = YES;
				GCC_WARN_64_TO_32_BIT_CONVERSION = YES;
				GCC_WARN_ABOUT_RETURN_TYPE = YES_ERROR;
				GCC_WARN_UNDECLARED_SELECTOR = YES;
				GCC_WARN_UNINITIALIZED_AUTOS = YES_AGGRESSIVE;
				GCC_WARN_UNUSED_FUNCTION = YES;
				GCC_WARN_UNUSED_VARIABLE = YES;
				IPHONEOS_DEPLOYMENT_TARGET = 26.2;
				LOCALIZATION_PREFERS_STRING_CATALOGS = YES;
				MTL_ENABLE_DEBUG_INFO = NO;
				MTL_FAST_MATH = YES;
				SDKROOT = iphoneos;
				SWIFT_COMPILATION_MODE = wholemodule;
				VALIDATE_PRODUCT = YES;
			};
			name = Release;
		};
		1A3DB6132FAB6547008A88D4 /* Debug */ = {
			isa = XCBuildConfiguration;
			buildSettings = {
				ASSETCATALOG_COMPILER_APPICON_NAME = AppIcon;
				ASSETCATALOG_COMPILER_GLOBAL_ACCENT_COLOR_NAME = AccentColor;
				ASSETCATALOG_COMPILER_INCLUDE_ALL_APPICON_ASSETS = NO;
				CODE_SIGN_IDENTITY = "Apple Development";
				"CODE_SIGN_IDENTITY[sdk=iphoneos*]" = "iPhone Distribution";
				"CODE_SIGN_IDENTITY[sdk=macosx*]" = "-";
				CODE_SIGN_STYLE = Manual;
				CURRENT_PROJECT_VERSION = 1;
				DEVELOPMENT_TEAM = "";
				"DEVELOPMENT_TEAM[sdk=iphoneos*]" = 7KAQ48GU7S;
				"DEVELOPMENT_TEAM[sdk=macosx*]" = 7KAQ48GU7S;
				ENABLE_APP_SANDBOX = YES;
				ENABLE_HARDENED_RUNTIME = YES;
				ENABLE_OUTGOING_NETWORK_CONNECTIONS = YES;
				ENABLE_PREVIEWS = YES;
				GENERATE_INFOPLIST_FILE = YES;
				INFOPLIST_FILE = "CosmoPD101Host-Info.plist";
				INFOPLIST_KEY_LSApplicationCategoryType = "public.app-category.music";
				INFOPLIST_KEY_UIApplicationSceneManifest_Generation = YES;
				INFOPLIST_KEY_UIApplicationSupportsIndirectInputEvents = YES;
				INFOPLIST_KEY_UILaunchScreen_Generation = YES;
				INFOPLIST_KEY_UISupportedInterfaceOrientations = "UIInterfaceOrientationLandscapeLeft UIInterfaceOrientationLandscapeRight";
				INFOPLIST_KEY_UISupportedInterfaceOrientations_iPad = "UIInterfaceOrientationLandscapeLeft UIInterfaceOrientationLandscapeRight UIInterfaceOrientationPortrait UIInterfaceOrientationPortraitUpsideDown";
				IPHONEOS_DEPLOYMENT_TARGET = 18.6;
				LD_RUNPATH_SEARCH_PATHS = (
					"$(inherited)",
					"@executable_path/Frameworks",
				);
				MACOSX_DEPLOYMENT_TARGET = 15.6;
				MARKETING_VERSION = 1.0;
				PRODUCT_BUNDLE_IDENTIFIER = dev.purraudio.CosmoPD101Host;
				PRODUCT_NAME = "$(TARGET_NAME)";
				PROVISIONING_PROFILE_SPECIFIER = "";
				"PROVISIONING_PROFILE_SPECIFIER[sdk=iphoneos*]" = adhoc;
				"PROVISIONING_PROFILE_SPECIFIER[sdk=macosx*]" = adhoc;
				REGISTER_APP_GROUPS = YES;
				STRING_CATALOG_GENERATE_SYMBOLS = YES;
				SUPPORTED_PLATFORMS = "iphoneos iphonesimulator macosx";
				SUPPORTS_MACCATALYST = NO;
				SUPPORTS_MAC_DESIGNED_FOR_IPHONE_IPAD = NO;
				SUPPORTS_XR_DESIGNED_FOR_IPHONE_IPAD = NO;
				SWIFT_APPROACHABLE_CONCURRENCY = YES;
				SWIFT_DEFAULT_ACTOR_ISOLATION = MainActor;
				SWIFT_EMIT_LOC_STRINGS = YES;
				SWIFT_UPCOMING_FEATURE_MEMBER_IMPORT_VISIBILITY = YES;
				SWIFT_VERSION = 5.0;
				TARGETED_DEVICE_FAMILY = 2;
			};
			name = Debug;
		};
		1A3DB6142FAB6547008A88D4 /* Release */ = {
			isa = XCBuildConfiguration;
			buildSettings = {
				ASSETCATALOG_COMPILER_APPICON_NAME = AppIcon;
				ASSETCATALOG_COMPILER_GLOBAL_ACCENT_COLOR_NAME = AccentColor;
				ASSETCATALOG_COMPILER_INCLUDE_ALL_APPICON_ASSETS = NO;
				CODE_SIGN_IDENTITY = "Apple Development";
				"CODE_SIGN_IDENTITY[sdk=iphoneos*]" = "iPhone Distribution";
				"CODE_SIGN_IDENTITY[sdk=macosx*]" = "-";
				CODE_SIGN_STYLE = Manual;
				CURRENT_PROJECT_VERSION = 1;
				DEVELOPMENT_TEAM = "";
				"DEVELOPMENT_TEAM[sdk=iphoneos*]" = 7KAQ48GU7S;
				"DEVELOPMENT_TEAM[sdk=macosx*]" = 7KAQ48GU7S;
				ENABLE_APP_SANDBOX = YES;
				ENABLE_HARDENED_RUNTIME = YES;
				ENABLE_OUTGOING_NETWORK_CONNECTIONS = YES;
				ENABLE_PREVIEWS = YES;
				GENERATE_INFOPLIST_FILE = YES;
				INFOPLIST_FILE = "CosmoPD101Host-Info.plist";
				INFOPLIST_KEY_LSApplicationCategoryType = "public.app-category.music";
				INFOPLIST_KEY_UIApplicationSceneManifest_Generation = YES;
				INFOPLIST_KEY_UIApplicationSupportsIndirectInputEvents = YES;
				INFOPLIST_KEY_UILaunchScreen_Generation = YES;
				INFOPLIST_KEY_UISupportedInterfaceOrientations = "UIInterfaceOrientationLandscapeLeft UIInterfaceOrientationLandscapeRight";
				INFOPLIST_KEY_UISupportedInterfaceOrientations_iPad = "UIInterfaceOrientationLandscapeLeft UIInterfaceOrientationLandscapeRight UIInterfaceOrientationPortrait UIInterfaceOrientationPortraitUpsideDown";
				IPHONEOS_DEPLOYMENT_TARGET = 18.6;
				LD_RUNPATH_SEARCH_PATHS = (
					"$(inherited)",
					"@executable_path/Frameworks",
				);
				MACOSX_DEPLOYMENT_TARGET = 15.6;
				MARKETING_VERSION = 1.0;
				PRODUCT_BUNDLE_IDENTIFIER = dev.purraudio.CosmoPD101Host;
				PRODUCT_NAME = "$(TARGET_NAME)";
				PROVISIONING_PROFILE_SPECIFIER = "";
				"PROVISIONING_PROFILE_SPECIFIER[sdk=iphoneos*]" = adhoc;
				"PROVISIONING_PROFILE_SPECIFIER[sdk=macosx*]" = adhoc;
				REGISTER_APP_GROUPS = YES;
				STRING_CATALOG_GENERATE_SYMBOLS = YES;
				SUPPORTED_PLATFORMS = "iphoneos iphonesimulator macosx";
				SUPPORTS_MACCATALYST = NO;
				SUPPORTS_MAC_DESIGNED_FOR_IPHONE_IPAD = NO;
				SUPPORTS_XR_DESIGNED_FOR_IPHONE_IPAD = NO;
				SWIFT_APPROACHABLE_CONCURRENCY = YES;
				SWIFT_DEFAULT_ACTOR_ISOLATION = MainActor;
				SWIFT_EMIT_LOC_STRINGS = YES;
				SWIFT_UPCOMING_FEATURE_MEMBER_IMPORT_VISIBILITY = YES;
				SWIFT_VERSION = 5.0;
				TARGETED_DEVICE_FAMILY = 2;
			};
			name = Release;
		};
		1A3DB66A2FAB6671008A88D4 /* Debug */ = {
			isa = XCBuildConfiguration;
			buildSettings = {
				CLANG_CXX_LANGUAGE_STANDARD = "c++20";
				CLANG_CXX_LIBRARY = "libc++";
				CODE_SIGN_ENTITLEMENTS = "CosmoPD101AUv3Ext-macOSExtension/CosmoPD101AUv3Ext_macOSExtension.entitlements";
				CODE_SIGN_STYLE = Automatic;
				CURRENT_PROJECT_VERSION = 1;
				DEVELOPMENT_TEAM = 7KAQ48GU7S;
				ENABLE_APP_SANDBOX = YES;
				ENABLE_USER_SELECTED_FILES = readonly;
				GENERATE_INFOPLIST_FILE = YES;
				INFOPLIST_FILE = "CosmoPD101AUv3Ext-macOSExtension/Info.plist";
				INFOPLIST_KEY_CFBundleDisplayName = "Cosmo PD-101";
				"INFOPLIST_KEY_CFBundleDisplayName[sdk=macosx*]" = "Cosmo PD-101 AUv3";
				INFOPLIST_KEY_NSHumanReadableCopyright = "";
				IPHONEOS_DEPLOYMENT_TARGET = 18.6;
				LD_RUNPATH_SEARCH_PATHS = (
					"$(inherited)",
					"@executable_path/Frameworks",
					"@executable_path/../../Frameworks",
				);
				"LD_RUNPATH_SEARCH_PATHS[sdk=macosx*]" = (
					"$(inherited)",
					"@executable_path/../Frameworks",
					"@executable_path/../../../../Frameworks",
				);
				MACOSX_DEPLOYMENT_TARGET = 15.6;
				MARKETING_VERSION = 1.0;
				"OTHER_LDFLAGS[sdk=macosx*]" = (
					"$(inherited)",
					"$(SRCROOT)/../Artifacts/libcosmo_pd101_plugin.a",
				);
				PRODUCT_BUNDLE_IDENTIFIER = dev.purraudio.CosmoPD101Host.CosmoPD101AUv3ExtmacOS.Extension;
				PRODUCT_NAME = "$(TARGET_NAME)";
				SDKROOT = auto;
				SKIP_INSTALL = YES;
				STRING_CATALOG_GENERATE_SYMBOLS = YES;
				SUPPORTED_PLATFORMS = "iphoneos iphonesimulator macosx";
				SUPPORTS_MACCATALYST = NO;
				SUPPORTS_MAC_DESIGNED_FOR_IPHONE_IPAD = NO;
				SWIFT_APPROACHABLE_CONCURRENCY = YES;
				SWIFT_EMIT_LOC_STRINGS = YES;
				SWIFT_OBJC_BRIDGING_HEADER = "CosmoPD101AUv3Ext-macOSExtension/Common/CosmoPD101AUv3Ext_macOSExtension-Bridging-Header.h";
				SWIFT_OBJC_INTEROP_MODE = objcxx;
				SWIFT_UPCOMING_FEATURE_MEMBER_IMPORT_VISIBILITY = YES;
				SWIFT_VERSION = 5.0;
				TARGETED_DEVICE_FAMILY = 2;
				XROS_DEPLOYMENT_TARGET = 26.2;
			};
			name = Debug;
		};
		1A3DB66B2FAB6671008A88D4 /* Release */ = {
			isa = XCBuildConfiguration;
			buildSettings = {
				CLANG_CXX_LANGUAGE_STANDARD = "c++20";
				CLANG_CXX_LIBRARY = "libc++";
				CODE_SIGN_ENTITLEMENTS = "CosmoPD101AUv3Ext-macOSExtension/CosmoPD101AUv3Ext_macOSExtension.entitlements";
				CODE_SIGN_STYLE = Automatic;
				CURRENT_PROJECT_VERSION = 1;
				DEVELOPMENT_TEAM = 7KAQ48GU7S;
				ENABLE_APP_SANDBOX = YES;
				ENABLE_USER_SELECTED_FILES = readonly;
				GENERATE_INFOPLIST_FILE = YES;
				INFOPLIST_FILE = "CosmoPD101AUv3Ext-macOSExtension/Info.plist";
				INFOPLIST_KEY_CFBundleDisplayName = "Cosmo PD-101";
				"INFOPLIST_KEY_CFBundleDisplayName[sdk=macosx*]" = "Cosmo PD-101 AUv3";
				INFOPLIST_KEY_NSHumanReadableCopyright = "";
				IPHONEOS_DEPLOYMENT_TARGET = 18.6;
				LD_RUNPATH_SEARCH_PATHS = (
					"$(inherited)",
					"@executable_path/Frameworks",
					"@executable_path/../../Frameworks",
				);
				"LD_RUNPATH_SEARCH_PATHS[sdk=macosx*]" = (
					"$(inherited)",
					"@executable_path/../Frameworks",
					"@executable_path/../../../../Frameworks",
				);
				MACOSX_DEPLOYMENT_TARGET = 15.6;
				MARKETING_VERSION = 1.0;
				"OTHER_LDFLAGS[sdk=macosx*]" = (
					"$(inherited)",
					"$(SRCROOT)/../Artifacts/libcosmo_pd101_plugin.a",
				);
				PRODUCT_BUNDLE_IDENTIFIER = dev.purraudio.CosmoPD101Host.CosmoPD101AUv3ExtmacOS.Extension;
				PRODUCT_NAME = "$(TARGET_NAME)";
				SDKROOT = auto;
				SKIP_INSTALL = YES;
				STRING_CATALOG_GENERATE_SYMBOLS = YES;
				SUPPORTED_PLATFORMS = "iphoneos iphonesimulator macosx";
				SUPPORTS_MACCATALYST = NO;
				SUPPORTS_MAC_DESIGNED_FOR_IPHONE_IPAD = NO;
				SWIFT_APPROACHABLE_CONCURRENCY = YES;
				SWIFT_EMIT_LOC_STRINGS = YES;
				SWIFT_OBJC_BRIDGING_HEADER = "CosmoPD101AUv3Ext-macOSExtension/Common/CosmoPD101AUv3Ext_macOSExtension-Bridging-Header.h";
				SWIFT_OBJC_INTEROP_MODE = objcxx;
				SWIFT_UPCOMING_FEATURE_MEMBER_IMPORT_VISIBILITY = YES;
				SWIFT_VERSION = 5.0;
				TARGETED_DEVICE_FAMILY = 2;
				XROS_DEPLOYMENT_TARGET = 26.2;
			};
			name = Release;
		};
		1A3DB66F2FAB6671008A88D4 /* Debug */ = {
			isa = XCBuildConfiguration;
			buildSettings = {
				ASSETCATALOG_COMPILER_APPICON_NAME = AppIcon;
				ASSETCATALOG_COMPILER_GLOBAL_ACCENT_COLOR_NAME = AccentColor;
				CODE_SIGN_ENTITLEMENTS = "CosmoPD101AUv3Ext-macOS/CosmoPD101AUv3Ext_macOS.entitlements";
				CODE_SIGN_STYLE = Automatic;
				CURRENT_PROJECT_VERSION = 1;
				DEVELOPMENT_TEAM = 7KAQ48GU7S;
				ENABLE_APP_SANDBOX = YES;
				ENABLE_HARDENED_RUNTIME = YES;
				ENABLE_OUTGOING_NETWORK_CONNECTIONS = YES;
				ENABLE_PREVIEWS = YES;
				ENABLE_USER_SELECTED_FILES = readonly;
				GENERATE_INFOPLIST_FILE = YES;
				INFOPLIST_FILE = "CosmoPD101AUv3Ext-macOS/Info.plist";
				INFOPLIST_KEY_CFBundleDisplayName = "Cosmo PD-101 AUv3";
				"INFOPLIST_KEY_CFBundleDisplayName[sdk=macosx*]" = "Cosmo PD-101 AUv3";
				INFOPLIST_KEY_LSApplicationCategoryType = "public.app-category.music";
				"INFOPLIST_KEY_UIApplicationSceneManifest_Generation[sdk=iphoneos*]" = YES;
				"INFOPLIST_KEY_UIApplicationSceneManifest_Generation[sdk=iphonesimulator*]" = YES;
				"INFOPLIST_KEY_UIApplicationSupportsIndirectInputEvents[sdk=iphoneos*]" = YES;
				"INFOPLIST_KEY_UIApplicationSupportsIndirectInputEvents[sdk=iphonesimulator*]" = YES;
				"INFOPLIST_KEY_UIBackgroundModes[sdk=iphoneos*]" = audio;
				"INFOPLIST_KEY_UIBackgroundModes[sdk=iphonesimulator*]" = audio;
				"INFOPLIST_KEY_UILaunchScreen_Generation[sdk=iphoneos*]" = YES;
				"INFOPLIST_KEY_UILaunchScreen_Generation[sdk=iphonesimulator*]" = YES;
				"INFOPLIST_KEY_UIStatusBarHidden[sdk=iphoneos*]" = YES;
				"INFOPLIST_KEY_UIStatusBarHidden[sdk=iphonesimulator*]" = YES;
				"INFOPLIST_KEY_UIStatusBarStyle[sdk=iphoneos*]" = UIStatusBarStyleDefault;
				"INFOPLIST_KEY_UIStatusBarStyle[sdk=iphonesimulator*]" = UIStatusBarStyleDefault;
				INFOPLIST_KEY_UISupportedInterfaceOrientations = "UIInterfaceOrientationLandscapeLeft UIInterfaceOrientationLandscapeRight UIInterfaceOrientationPortrait";
				INFOPLIST_KEY_UISupportedInterfaceOrientations_iPad = "UIInterfaceOrientationLandscapeLeft UIInterfaceOrientationLandscapeRight UIInterfaceOrientationPortrait UIInterfaceOrientationPortraitUpsideDown";
				"INFOPLIST_KEY_UIViewControllerBasedStatusBarAppearance[sdk=iphoneos*]" = YES;
				"INFOPLIST_KEY_UIViewControllerBasedStatusBarAppearance[sdk=iphonesimulator*]" = YES;
				IPHONEOS_DEPLOYMENT_TARGET = 18.6;
				LD_RUNPATH_SEARCH_PATHS = "@executable_path/Frameworks";
				"LD_RUNPATH_SEARCH_PATHS[sdk=macosx*]" = "@executable_path/../Frameworks";
				MACOSX_DEPLOYMENT_TARGET = 15.6;
				MARKETING_VERSION = 1.0;
				OTHER_LDFLAGS = (
					"-framework",
					AudioToolbox,
					"-framework",
					AVFoundation,
				);
				PRODUCT_BUNDLE_IDENTIFIER = dev.purraudio.CosmoPD101Host.CosmoPD101AUv3ExtmacOS;
				PRODUCT_NAME = "$(TARGET_NAME)";
				REGISTER_APP_GROUPS = YES;
				SDKROOT = auto;
				STRING_CATALOG_GENERATE_SYMBOLS = YES;
				SUPPORTED_PLATFORMS = "iphoneos iphonesimulator macosx";
				SUPPORTS_MACCATALYST = NO;
				SUPPORTS_MAC_DESIGNED_FOR_IPHONE_IPAD = NO;
				SWIFT_APPROACHABLE_CONCURRENCY = YES;
				SWIFT_DEFAULT_ACTOR_ISOLATION = MainActor;
				SWIFT_EMIT_LOC_STRINGS = YES;
				SWIFT_OBJC_INTEROP_MODE = objcxx;
				SWIFT_UPCOMING_FEATURE_MEMBER_IMPORT_VISIBILITY = YES;
				SWIFT_VERSION = 5.0;
				TARGETED_DEVICE_FAMILY = 2;
				XROS_DEPLOYMENT_TARGET = 26.2;
			};
			name = Debug;
		};
		1A3DB6702FAB6671008A88D4 /* Release */ = {
			isa = XCBuildConfiguration;
			buildSettings = {
				ASSETCATALOG_COMPILER_APPICON_NAME = AppIcon;
				ASSETCATALOG_COMPILER_GLOBAL_ACCENT_COLOR_NAME = AccentColor;
				CODE_SIGN_ENTITLEMENTS = "CosmoPD101AUv3Ext-macOS/CosmoPD101AUv3Ext_macOS.entitlements";
				CODE_SIGN_STYLE = Automatic;
				CURRENT_PROJECT_VERSION = 1;
				DEVELOPMENT_TEAM = 7KAQ48GU7S;
				ENABLE_APP_SANDBOX = YES;
				ENABLE_HARDENED_RUNTIME = YES;
				ENABLE_OUTGOING_NETWORK_CONNECTIONS = YES;
				ENABLE_PREVIEWS = YES;
				ENABLE_USER_SELECTED_FILES = readonly;
				GENERATE_INFOPLIST_FILE = YES;
				INFOPLIST_FILE = "CosmoPD101AUv3Ext-macOS/Info.plist";
				INFOPLIST_KEY_CFBundleDisplayName = "Cosmo PD-101 AUv3";
				"INFOPLIST_KEY_CFBundleDisplayName[sdk=macosx*]" = "Cosmo PD-101 AUv3";
				INFOPLIST_KEY_LSApplicationCategoryType = "public.app-category.music";
				"INFOPLIST_KEY_UIApplicationSceneManifest_Generation[sdk=iphoneos*]" = YES;
				"INFOPLIST_KEY_UIApplicationSceneManifest_Generation[sdk=iphonesimulator*]" = YES;
				"INFOPLIST_KEY_UIApplicationSupportsIndirectInputEvents[sdk=iphoneos*]" = YES;
				"INFOPLIST_KEY_UIApplicationSupportsIndirectInputEvents[sdk=iphonesimulator*]" = YES;
				"INFOPLIST_KEY_UIBackgroundModes[sdk=iphoneos*]" = audio;
				"INFOPLIST_KEY_UIBackgroundModes[sdk=iphonesimulator*]" = audio;
				"INFOPLIST_KEY_UILaunchScreen_Generation[sdk=iphoneos*]" = YES;
				"INFOPLIST_KEY_UILaunchScreen_Generation[sdk=iphonesimulator*]" = YES;
				"INFOPLIST_KEY_UIStatusBarHidden[sdk=iphoneos*]" = YES;
				"INFOPLIST_KEY_UIStatusBarHidden[sdk=iphonesimulator*]" = YES;
				"INFOPLIST_KEY_UIStatusBarStyle[sdk=iphoneos*]" = UIStatusBarStyleDefault;
				"INFOPLIST_KEY_UIStatusBarStyle[sdk=iphonesimulator*]" = UIStatusBarStyleDefault;
				INFOPLIST_KEY_UISupportedInterfaceOrientations = "UIInterfaceOrientationLandscapeLeft UIInterfaceOrientationLandscapeRight UIInterfaceOrientationPortrait";
				INFOPLIST_KEY_UISupportedInterfaceOrientations_iPad = "UIInterfaceOrientationLandscapeLeft UIInterfaceOrientationLandscapeRight UIInterfaceOrientationPortrait UIInterfaceOrientationPortraitUpsideDown";
				"INFOPLIST_KEY_UIViewControllerBasedStatusBarAppearance[sdk=iphoneos*]" = YES;
				"INFOPLIST_KEY_UIViewControllerBasedStatusBarAppearance[sdk=iphonesimulator*]" = YES;
				IPHONEOS_DEPLOYMENT_TARGET = 18.6;
				LD_RUNPATH_SEARCH_PATHS = "@executable_path/Frameworks";
				"LD_RUNPATH_SEARCH_PATHS[sdk=macosx*]" = "@executable_path/../Frameworks";
				MACOSX_DEPLOYMENT_TARGET = 15.6;
				MARKETING_VERSION = 1.0;
				OTHER_LDFLAGS = (
					"-framework",
					AudioToolbox,
					"-framework",
					AVFoundation,
				);
				PRODUCT_BUNDLE_IDENTIFIER = dev.purraudio.CosmoPD101Host.CosmoPD101AUv3ExtmacOS;
				PRODUCT_NAME = "$(TARGET_NAME)";
				REGISTER_APP_GROUPS = YES;
				SDKROOT = auto;
				STRING_CATALOG_GENERATE_SYMBOLS = YES;
				SUPPORTED_PLATFORMS = "iphoneos iphonesimulator macosx";
				SUPPORTS_MACCATALYST = NO;
				SUPPORTS_MAC_DESIGNED_FOR_IPHONE_IPAD = NO;
				SWIFT_APPROACHABLE_CONCURRENCY = YES;
				SWIFT_DEFAULT_ACTOR_ISOLATION = MainActor;
				SWIFT_EMIT_LOC_STRINGS = YES;
				SWIFT_OBJC_INTEROP_MODE = objcxx;
				SWIFT_UPCOMING_FEATURE_MEMBER_IMPORT_VISIBILITY = YES;
				SWIFT_VERSION = 5.0;
				TARGETED_DEVICE_FAMILY = 2;
				XROS_DEPLOYMENT_TARGET = 26.2;
			};
			name = Release;
		};
/* End XCBuildConfiguration section */

/* Begin XCConfigurationList section */
		1A3DB6022FAB6546008A88D4 /* Build configuration list for PBXProject "CosmoPD101Host" */ = {
			isa = XCConfigurationList;
			buildConfigurations = (
				1A3DB6102FAB6547008A88D4 /* Debug */,
				1A3DB6112FAB6547008A88D4 /* Release */,
			);
			defaultConfigurationIsVisible = 0;
			defaultConfigurationName = Release;
		};
		1A3DB6122FAB6547008A88D4 /* Build configuration list for PBXNativeTarget "CosmoPD101Host" */ = {
			isa = XCConfigurationList;
			buildConfigurations = (
				1A3DB6132FAB6547008A88D4 /* Debug */,
				1A3DB6142FAB6547008A88D4 /* Release */,
			);
			defaultConfigurationIsVisible = 0;
			defaultConfigurationName = Release;
		};
		1A3DB6692FAB6671008A88D4 /* Build configuration list for PBXNativeTarget "CosmoPD101AUv3Ext-macOSExtension" */ = {
			isa = XCConfigurationList;
			buildConfigurations = (
				1A3DB66A2FAB6671008A88D4 /* Debug */,
				1A3DB66B2FAB6671008A88D4 /* Release */,
			);
			defaultConfigurationIsVisible = 0;
			defaultConfigurationName = Release;
		};
		1A3DB66E2FAB6671008A88D4 /* Build configuration list for PBXNativeTarget "CosmoPD101AUv3Ext-macOS" */ = {
			isa = XCConfigurationList;
			buildConfigurations = (
				1A3DB66F2FAB6671008A88D4 /* Debug */,
				1A3DB6702FAB6671008A88D4 /* Release */,
			);
			defaultConfigurationIsVisible = 0;
			defaultConfigurationName = Release;
		};
/* End XCConfigurationList section */

/* Begin XCLocalSwiftPackageReference section */
		1A834E882FDDC13D00EF1AD8 /* XCLocalSwiftPackageReference "../../cosmo-pd101-plugin-auv3" */ = {
			isa = XCLocalSwiftPackageReference;
			relativePath = "../../cosmo-pd101-plugin-auv3";
		};
/* End XCLocalSwiftPackageReference section */

/* Begin XCSwiftPackageProductDependency section */
		1A834E892FDDC13D00EF1AD8 /* CosmoPd101AUv3Support */ = {
			isa = XCSwiftPackageProductDependency;
			productName = CosmoPd101AUv3Support;
		};
/* End XCSwiftPackageProductDependency section */
	};
	rootObject = 1A3DB5FF2FAB6546008A88D4 /* Project object */;
}
